
Microsoft Visual Studio Solution File, Format Version 12.00
# Visual Studio 15
VisualStudioVersion = 15.0.27004.2010
MinimumVisualStudioVersion = 10.0.40219.1
Project("{FAE04EC0-301F-11D3-BF4B-00C04F79EFBC}") = "HelloWorld2", "HelloWorld2\HelloWorld2.csproj", "{FC3DC128-7BDB-4BCC-AF86-0A8EC69840CA}"
EndProject
Global
	GlobalSection(SolutionConfigurationPlatforms) = preSolution
		Debug|Any CPU = Debug|Any CPU
		Release|Any CPU = Release|Any CPU
	EndGlobalSection
	GlobalSection(ProjectConfigurationPlatforms) = postSolution
		{FC3DC128-7BDB-4BCC-AF86-0A8EC69840CA}.Debug|Any CPU.ActiveCfg = Debug|Any CPU
		{FC3DC128-7BDB-4BCC-AF86-0A8EC69840CA}.Debug|Any CPU.Build.0 = Debug|Any CPU
		{FC3DC128-7BDB-4BCC-AF86-0A8EC69840CA}.Release|Any CPU.ActiveCfg = Release|Any CPU
		{FC3DC128-7BDB-4BCC-AF86-0A8EC69840CA}.Release|Any CPU.Build.0 = Release|Any CPU
	EndGlobalSection
	GlobalSection(SolutionProperties) = preSolution
		HideSolutionNode = FALSE
	EndGlobalSection
	GlobalSection(ExtensibilityGlobals) = postSolution
		SolutionGuid = {E67A13A2-12E9-46EF-867B-E87BF4BB404F}
	EndGlobalSection
EndGlobal
